// !$*UTF8*$!
{
	archiveVersion = 1;
	classes = {
	};
	objectVersion = 46;
	objects = {

/* Begin PBXBuildFile section */
		5B5ED5DA16EBCBD3000E895F /* PhotosByPhotographerCDTVC.m in Sources */ = {isa = PBXBuildFile; fileRef = 5B5ED5D916EBCBD3000E895F /* PhotosByPhotographerCDTVC.m */; };
		5B65A5F916EBB6EE00D9D358 /* UIKit.framework in Frameworks */ = {isa = PBXBuildFile; fileRef = 5B65A5F816EBB6EE00D9D358 /* UIKit.framework */; };
		5B65A5FB16EBB6EE00D9D358 /* Foundation.framework in Frameworks */ = {isa = PBXBuildFile; fileRef = 5B65A5FA16EBB6EE00D9D358 /* Foundation.framework */; };
		5B65A5FD16EBB6EE00D9D358 /* CoreGraphics.framework in Frameworks */ = {isa = PBXBuildFile; fileRef = 5B65A5FC16EBB6EE00D9D358 /* CoreGraphics.framework */; };
		5B65A60316EBB6EE00D9D358 /* InfoPlist.strings in Resources */ = {isa = PBXBuildFile; fileRef = 5B65A60116EBB6EE00D9D358 /* InfoPlist.strings */; };
		5B65A60516EBB6EE00D9D358 /* main.m in Sources */ = {isa = PBXBuildFile; fileRef = 5B65A60416EBB6EE00D9D358 /* main.m */; };
		5B65A60916EBB6EE00D9D358 /* AppDelegate.m in Sources */ = {isa = PBXBuildFile; fileRef = 5B65A60816EBB6EE00D9D358 /* AppDelegate.m */; };
		5B65A60B16EBB6EE00D9D358 /* Default.png in Resources */ = {isa = PBXBuildFile; fileRef = 5B65A60A16EBB6EE00D9D358 /* Default.png */; };
		5B65A60D16EBB6EE00D9D358 /* Default@2x.png in Resources */ = {isa = PBXBuildFile; fileRef = 5B65A60C16EBB6EE00D9D358 /* Default@2x.png */; };
		5B65A60F16EBB6EE00D9D358 /* Default-568h@2x.png in Resources */ = {isa = PBXBuildFile; fileRef = 5B65A60E16EBB6EE00D9D358 /* Default-568h@2x.png */; };
		5B65A61216EBB6EE00D9D358 /* iPhone.storyboard in Resources */ = {isa = PBXBuildFile; fileRef = 5B65A61016EBB6EE00D9D358 /* iPhone.storyboard */; };
		5B65A61E16EBB7D600D9D358 /* Photomania.xcdatamodeld in Sources */ = {isa = PBXBuildFile; fileRef = 5B65A61C16EBB7D600D9D358 /* Photomania.xcdatamodeld */; };
		5B65A62716EBB93900D9D358 /* Photographer.m in Sources */ = {isa = PBXBuildFile; fileRef = 5B65A62616EBB93900D9D358 /* Photographer.m */; };
		5B65A62D16EBB98A00D9D358 /* Photo+Flickr.m in Sources */ = {isa = PBXBuildFile; fileRef = 5B65A62C16EBB98A00D9D358 /* Photo+Flickr.m */; };
		5B65A63216EBBA1900D9D358 /* FlickrFetcher.m in Sources */ = {isa = PBXBuildFile; fileRef = 5B65A63116EBBA1900D9D358 /* FlickrFetcher.m */; };
		5B65A63516EBBB2800D9D358 /* CoreDataTableViewController.m in Sources */ = {isa = PBXBuildFile; fileRef = 5B65A63316EBBB2800D9D358 /* CoreDataTableViewController.m */; };
		5B65A63816EBBB3D00D9D358 /* AttributedStringViewController.m in Sources */ = {isa = PBXBuildFile; fileRef = 5B65A63716EBBB3D00D9D358 /* AttributedStringViewController.m */; };
		5B65A63B16EBBB5100D9D358 /* ImageViewController.m in Sources */ = {isa = PBXBuildFile; fileRef = 5B65A63A16EBBB5100D9D358 /* ImageViewController.m */; };
		5B65A63E16EBBD9100D9D358 /* Photographer+Create.m in Sources */ = {isa = PBXBuildFile; fileRef = 5B65A63D16EBBD9100D9D358 /* Photographer+Create.m */; };
		5B65A64116EBBF6300D9D358 /* PhotographerCDTVC.m in Sources */ = {isa = PBXBuildFile; fileRef = 5B65A64016EBBF6300D9D358 /* PhotographerCDTVC.m */; };
		5B65A64416EBC34F00D9D358 /* DemoPhotographerCDTVC.m in Sources */ = {isa = PBXBuildFile; fileRef = 5B65A64316EBC34F00D9D358 /* DemoPhotographerCDTVC.m */; };
		5B65A64616EBC7F300D9D358 /* CoreData.framework in Frameworks */ = {isa = PBXBuildFile; fileRef = 5B65A64516EBC7F300D9D358 /* CoreData.framework */; };
		5B72F514179ABBFD005EA3D0 /* iPad.storyboard in Resources */ = {isa = PBXBuildFile; fileRef = 5B72F513179ABBFD005EA3D0 /* iPad.storyboard */; };
		5B72F517179ABD22005EA3D0 /* MapViewController.m in Sources */ = {isa = PBXBuildFile; fileRef = 5B72F516179ABD22005EA3D0 /* MapViewController.m */; };
		5B72F51A179ABE8C005EA3D0 /* PhotographerMapViewController.m in Sources */ = {isa = PBXBuildFile; fileRef = 5B72F519179ABE8C005EA3D0 /* PhotographerMapViewController.m */; };
		5B72F51D179ABEF5005EA3D0 /* PhotosByPhotographerMapViewController.m in Sources */ = {isa = PBXBuildFile; fileRef = 5B72F51C179ABEF5005EA3D0 /* PhotosByPhotographerMapViewController.m */; };
		5B72F520179ABF5F005EA3D0 /* DemoPhotographerMapViewController.m in Sources */ = {isa = PBXBuildFile; fileRef = 5B72F51F179ABF5F005EA3D0 /* DemoPhotographerMapViewController.m */; };
		5B72F523179AC80C005EA3D0 /* Photographer+MKAnnotation.m in Sources */ = {isa = PBXBuildFile; fileRef = 5B72F522179AC80C005EA3D0 /* Photographer+MKAnnotation.m */; };
		5B72F526179AC838005EA3D0 /* Photo+MKAnnotation.m in Sources */ = {isa = PBXBuildFile; fileRef = 5B72F525179AC838005EA3D0 /* Photo+MKAnnotation.m */; };
		5B72F529179AC8FF005EA3D0 /* Photo.m in Sources */ = {isa = PBXBuildFile; fileRef = 5B72F528179AC8FF005EA3D0 /* Photo.m */; };
		5B72F52B179AD1DA005EA3D0 /* MapKit.framework in Frameworks */ = {isa = PBXBuildFile; fileRef = 5B72F52A179AD1DA005EA3D0 /* MapKit.framework */; };
/* End PBXBuildFile section */

/* Begin PBXFileReference section */
		5B5ED5D816EBCBD3000E895F /* PhotosByPhotographerCDTVC.h */ = {isa = PBXFileReference; fileEncoding = 4; lastKnownFileType = sourcecode.c.h; path = PhotosByPhotographerCDTVC.h; sourceTree = "<group>"; };
		5B5ED5D916EBCBD3000E895F /* PhotosByPhotographerCDTVC.m */ = {isa = PBXFileReference; fileEncoding = 4; lastKnownFileType = sourcecode.c.objc; path = PhotosByPhotographerCDTVC.m; sourceTree = "<group>"; };
		5B65A5F516EBB6EE00D9D358 /* Photomania.app */ = {isa = PBXFileReference; explicitFileType = wrapper.application; includeInIndex = 0; path = Photomania.app; sourceTree = BUILT_PRODUCTS_DIR; };
		5B65A5F816EBB6EE00D9D358 /* UIKit.framework */ = {isa = PBXFileReference; lastKnownFileType = wrapper.framework; name = UIKit.framework; path = System/Library/Frameworks/UIKit.framework; sourceTree = SDKROOT; };
		5B65A5FA16EBB6EE00D9D358 /* Foundation.framework */ = {isa = PBXFileReference; lastKnownFileType = wrapper.framework; name = Foundation.framework; path = System/Library/Frameworks/Foundation.framework; sourceTree = SDKROOT; };
		5B65A5FC16EBB6EE00D9D358 /* CoreGraphics.framework */ = {isa = PBXFileReference; lastKnownFileType = wrapper.framework; name = CoreGraphics.framework; path = System/Library/Frameworks/CoreGraphics.framework; sourceTree = SDKROOT; };
		5B65A60016EBB6EE00D9D358 /* Photomania-Info.plist */ = {isa = PBXFileReference; lastKnownFileType = text.plist.xml; path = "Photomania-Info.plist"; sourceTree = "<group>"; };
		5B65A60216EBB6EE00D9D358 /* en */ = {isa = PBXFileReference; lastKnownFileType = text.plist.strings; name = en; path = en.lproj/InfoPlist.strings; sourceTree = "<group>"; };
		5B65A60416EBB6EE00D9D358 /* main.m */ = {isa = PBXFileReference; lastKnownFileType = sourcecode.c.objc; path = main.m; sourceTree = "<group>"; };
		5B65A60616EBB6EE00D9D358 /* Photomania-Prefix.pch */ = {isa = PBXFileReference; lastKnownFileType = sourcecode.c.h; path = "Photomania-Prefix.pch"; sourceTree = "<group>"; };
		5B65A60716EBB6EE00D9D358 /* AppDelegate.h */ = {isa = PBXFileReference; lastKnownFileType = sourcecode.c.h; path = AppDelegate.h; sourceTree = "<group>"; };
		5B65A60816EBB6EE00D9D358 /* AppDelegate.m */ = {isa = PBXFileReference; lastKnownFileType = sourcecode.c.objc; path = AppDelegate.m; sourceTree = "<group>"; };
		5B65A60A16EBB6EE00D9D358 /* Default.png */ = {isa = PBXFileReference; lastKnownFileType = image.png; path = Default.png; sourceTree = "<group>"; };
		5B65A60C16EBB6EE00D9D358 /* Default@2x.png */ = {isa = PBXFileReference; lastKnownFileType = image.png; path = "Default@2x.png"; sourceTree = "<group>"; };
		5B65A60E16EBB6EE00D9D358 /* Default-568h@2x.png */ = {isa = PBXFileReference; lastKnownFileType = image.png; path = "Default-568h@2x.png"; sourceTree = "<group>"; };
		5B65A61116EBB6EE00D9D358 /* en */ = {isa = PBXFileReference; lastKnownFileType = file.storyboard; name = en; path = en.lproj/iPhone.storyboard; sourceTree = "<group>"; };
		5B65A61B16EBB71B00D9D358 /* README */ = {isa = PBXFileReference; lastKnownFileType = text; path = README; sourceTree = "<group>"; };
		5B65A61D16EBB7D600D9D358 /* Photomania.xcdatamodel */ = {isa = PBXFileReference; lastKnownFileType = wrapper.xcdatamodel; path = Photomania.xcdatamodel; sourceTree = "<group>"; };
		5B65A62516EBB93900D9D358 /* Photographer.h */ = {isa = PBXFileReference; fileEncoding = 4; lastKnownFileType = sourcecode.c.h; path = Photographer.h; sourceTree = "<group>"; };
		5B65A62616EBB93900D9D358 /* Photographer.m */ = {isa = PBXFileReference; fileEncoding = 4; lastKnownFileType = sourcecode.c.objc; path = Photographer.m; sourceTree = "<group>"; };
		5B65A62B16EBB98A00D9D358 /* Photo+Flickr.h */ = {isa = PBXFileReference; fileEncoding = 4; lastKnownFileType = sourcecode.c.h; path = "Photo+Flickr.h"; sourceTree = "<group>"; };
		5B65A62C16EBB98A00D9D358 /* Photo+Flickr.m */ = {isa = PBXFileReference; fileEncoding = 4; lastKnownFileType = sourcecode.c.objc; path = "Photo+Flickr.m"; sourceTree = "<group>"; };
		5B65A62F16EBBA1900D9D358 /* FlickrAPIKey.h */ = {isa = PBXFileReference; fileEncoding = 4; lastKnownFileType = sourcecode.c.h; path = FlickrAPIKey.h; sourceTree = "<group>"; };
		5B65A63016EBBA1900D9D358 /* FlickrFetcher.h */ = {isa = PBXFileReference; fileEncoding = 4; lastKnownFileType = sourcecode.c.h; path = FlickrFetcher.h; sourceTree = "<group>"; };
		5B65A63116EBBA1900D9D358 /* FlickrFetcher.m */ = {isa = PBXFileReference; fileEncoding = 4; lastKnownFileType = sourcecode.c.objc; path = FlickrFetcher.m; sourceTree = "<group>"; };
		5B65A63316EBBB2800D9D358 /* CoreDataTableViewController.m */ = {isa = PBXFileReference; fileEncoding = 4; lastKnownFileType = sourcecode.c.objc; path = CoreDataTableViewController.m; sourceTree = "<group>"; };
		5B65A63416EBBB2800D9D358 /* CoreDataTableViewController.h */ = {isa = PBXFileReference; fileEncoding = 4; lastKnownFileType = sourcecode.c.h; path = CoreDataTableViewController.h; sourceTree = "<group>"; };
		5B65A63616EBBB3D00D9D358 /* AttributedStringViewController.h */ = {isa = PBXFileReference; fileEncoding = 4; lastKnownFileType = sourcecode.c.h; path = AttributedStringViewController.h; sourceTree = "<group>"; };
		5B65A63716EBBB3D00D9D358 /* AttributedStringViewController.m */ = {isa = PBXFileReference; fileEncoding = 4; lastKnownFileType = sourcecode.c.objc; path = AttributedStringViewController.m; sourceTree = "<group>"; };
		5B65A63916EBBB5100D9D358 /* ImageViewController.h */ = {isa = PBXFileReference; fileEncoding = 4; lastKnownFileType = sourcecode.c.h; path = ImageViewController.h; sourceTree = "<group>"; };
		5B65A63A16EBBB5100D9D358 /* ImageViewController.m */ = {isa = PBXFileReference; fileEncoding = 4; lastKnownFileType = sourcecode.c.objc; path = ImageViewController.m; sourceTree = "<group>"; };
		5B65A63C16EBBD9100D9D358 /* Photographer+Create.h */ = {isa = PBXFileReference; fileEncoding = 4; lastKnownFileType = sourcecode.c.h; path = "Photographer+Create.h"; sourceTree = "<group>"; };
		5B65A63D16EBBD9100D9D358 /* Photographer+Create.m */ = {isa = PBXFileReference; fileEncoding = 4; lastKnownFileType = sourcecode.c.objc; path = "Photographer+Create.m"; sourceTree = "<group>"; };
		5B65A63F16EBBF6300D9D358 /* PhotographerCDTVC.h */ = {isa = PBXFileReference; fileEncoding = 4; lastKnownFileType = sourcecode.c.h; path = PhotographerCDTVC.h; sourceTree = "<group>"; };
		5B65A64016EBBF6300D9D358 /* PhotographerCDTVC.m */ = {isa = PBXFileReference; fileEncoding = 4; lastKnownFileType = sourcecode.c.objc; path = PhotographerCDTVC.m; sourceTree = "<group>"; };
		5B65A64216EBC34F00D9D358 /* DemoPhotographerCDTVC.h */ = {isa = PBXFileReference; fileEncoding = 4; lastKnownFileType = sourcecode.c.h; path = DemoPhotographerCDTVC.h; sourceTree = "<group>"; };
		5B65A64316EBC34F00D9D358 /* DemoPhotographerCDTVC.m */ = {isa = PBXFileReference; fileEncoding = 4; lastKnownFileType = sourcecode.c.objc; path = DemoPhotographerCDTVC.m; sourceTree = "<group>"; };
		5B65A64516EBC7F300D9D358 /* CoreData.framework */ = {isa = PBXFileReference; lastKnownFileType = wrapper.framework; name = CoreData.framework; path = System/Library/Frameworks/CoreData.framework; sourceTree = SDKROOT; };
		5B72F513179ABBFD005EA3D0 /* iPad.storyboard */ = {isa = PBXFileReference; fileEncoding = 4; lastKnownFileType = file.storyboard; path = iPad.storyboard; sourceTree = "<group>"; };
		5B72F515179ABD22005EA3D0 /* MapViewController.h */ = {isa = PBXFileReference; fileEncoding = 4; lastKnownFileType = sourcecode.c.h; path = MapViewController.h; sourceTree = "<group>"; };
		5B72F516179ABD22005EA3D0 /* MapViewController.m */ = {isa = PBXFileReference; fileEncoding = 4; lastKnownFileType = sourcecode.c.objc; path = MapViewController.m; sourceTree = "<group>"; };
		5B72F518179ABE8C005EA3D0 /* PhotographerMapViewController.h */ = {isa = PBXFileReference; fileEncoding = 4; lastKnownFileType = sourcecode.c.h; path = PhotographerMapViewController.h; sourceTree = "<group>"; };
		5B72F519179ABE8C005EA3D0 /* PhotographerMapViewController.m */ = {isa = PBXFileReference; fileEncoding = 4; lastKnownFileType = sourcecode.c.objc; path = PhotographerMapViewController.m; sourceTree = "<group>"; };
		5B72F51B179ABEF5005EA3D0 /* PhotosByPhotographerMapViewController.h */ = {isa = PBXFileReference; fileEncoding = 4; lastKnownFileType = sourcecode.c.h; path = PhotosByPhotographerMapViewController.h; sourceTree = "<group>"; };
		5B72F51C179ABEF5005EA3D0 /* PhotosByPhotographerMapViewController.m */ = {isa = PBXFileReference; fileEncoding = 4; lastKnownFileType = sourcecode.c.objc; path = PhotosByPhotographerMapViewController.m; sourceTree = "<group>"; };
		5B72F51E179ABF5F005EA3D0 /* DemoPhotographerMapViewController.h */ = {isa = PBXFileReference; fileEncoding = 4; lastKnownFileType = sourcecode.c.h; path = DemoPhotographerMapViewController.h; sourceTree = "<group>"; };
		5B72F51F179ABF5F005EA3D0 /* DemoPhotographerMapViewController.m */ = {isa = PBXFileReference; fileEncoding = 4; lastKnownFileType = sourcecode.c.objc; path = DemoPhotographerMapViewController.m; sourceTree = "<group>"; };
		5B72F521179AC80C005EA3D0 /* Photographer+MKAnnotation.h */ = {isa = PBXFileReference; fileEncoding = 4; lastKnownFileType = sourcecode.c.h; path = "Photographer+MKAnnotation.h"; sourceTree = "<group>"; };
		5B72F522179AC80C005EA3D0 /* Photographer+MKAnnotation.m */ = {isa = PBXFileReference; fileEncoding = 4; lastKnownFileType = sourcecode.c.objc; path = "Photographer+MKAnnotation.m"; sourceTree = "<group>"; };
		5B72F524179AC838005EA3D0 /* Photo+MKAnnotation.h */ = {isa = PBXFileReference; fileEncoding = 4; lastKnownFileType = sourcecode.c.h; path = "Photo+MKAnnotation.h"; sourceTree = "<group>"; };
		5B72F525179AC838005EA3D0 /* Photo+MKAnnotation.m */ = {isa = PBXFileReference; fileEncoding = 4; lastKnownFileType = sourcecode.c.objc; path = "Photo+MKAnnotation.m"; sourceTree = "<group>"; };
		5B72F527179AC8FF005EA3D0 /* Photo.h */ = {isa = PBXFileReference; fileEncoding = 4; lastKnownFileType = sourcecode.c.h; path = Photo.h; sourceTree = "<group>"; };
		5B72F528179AC8FF005EA3D0 /* Photo.m */ = {isa = PBXFileReference; fileEncoding = 4; lastKnownFileType = sourcecode.c.objc; path = Photo.m; sourceTree = "<group>"; };
		5B72F52A179AD1DA005EA3D0 /* MapKit.framework */ = {isa = PBXFileReference; lastKnownFileType = wrapper.framework; name = MapKit.framework; path = System/Library/Frameworks/MapKit.framework; sourceTree = SDKROOT; };
/* End PBXFileReference section */

/* Begin PBXFrameworksBuildPhase section */
		5B65A5F216EBB6EE00D9D358 /* Frameworks */ = {
			isa = PBXFrameworksBuildPhase;
			buildActionMask = 2147483647;
			files = (
				5B72F52B179AD1DA005EA3D0 /* MapKit.framework in Frameworks */,
				5B65A64616EBC7F300D9D358 /* CoreData.framework in Frameworks */,
				5B65A5F916EBB6EE00D9D358 /* UIKit.framework in Frameworks */,
				5B65A5FB16EBB6EE00D9D358 /* Foundation.framework in Frameworks */,
				5B65A5FD16EBB6EE00D9D358 /* CoreGraphics.framework in Frameworks */,
			);
			runOnlyForDeploymentPostprocessing = 0;
		};
/* End PBXFrameworksBuildPhase section */

/* Begin PBXGroup section */
		5B65A5EC16EBB6EE00D9D358 = {
			isa = PBXGroup;
			children = (
				5B65A61B16EBB71B00D9D358 /* README */,
				5B65A5FE16EBB6EE00D9D358 /* Photomania */,
				5B65A5F716EBB6EE00D9D358 /* Frameworks */,
				5B65A5F616EBB6EE00D9D358 /* Products */,
			);
			sourceTree = "<group>";
		};
		5B65A5F616EBB6EE00D9D358 /* Products */ = {
			isa = PBXGroup;
			children = (
				5B65A5F516EBB6EE00D9D358 /* Photomania.app */,
			);
			name = Products;
			sourceTree = "<group>";
		};
		5B65A5F716EBB6EE00D9D358 /* Frameworks */ = {
			isa = PBXGroup;
			children = (
				5B72F52A179AD1DA005EA3D0 /* MapKit.framework */,
				5B65A64516EBC7F300D9D358 /* CoreData.framework */,
				5B65A5F816EBB6EE00D9D358 /* UIKit.framework */,
				5B65A5FA16EBB6EE00D9D358 /* Foundation.framework */,
				5B65A5FC16EBB6EE00D9D358 /* CoreGraphics.framework */,
			);
			name = Frameworks;
			sourceTree = "<group>";
		};
		5B65A5FE16EBB6EE00D9D358 /* Photomania */ = {
			isa = PBXGroup;
			children = (
				5B65A61016EBB6EE00D9D358 /* iPhone.storyboard */,
				5B72F513179ABBFD005EA3D0 /* iPad.storyboard */,
				5B65A63F16EBBF6300D9D358 /* PhotographerCDTVC.h */,
				5B65A64016EBBF6300D9D358 /* PhotographerCDTVC.m */,
				5B65A64216EBC34F00D9D358 /* DemoPhotographerCDTVC.h */,
				5B65A64316EBC34F00D9D358 /* DemoPhotographerCDTVC.m */,
				5B5ED5D816EBCBD3000E895F /* PhotosByPhotographerCDTVC.h */,
				5B5ED5D916EBCBD3000E895F /* PhotosByPhotographerCDTVC.m */,
				5B72F515179ABD22005EA3D0 /* MapViewController.h */,
				5B72F516179ABD22005EA3D0 /* MapViewController.m */,
				5B72F518179ABE8C005EA3D0 /* PhotographerMapViewController.h */,
				5B72F519179ABE8C005EA3D0 /* PhotographerMapViewController.m */,
				5B72F51B179ABEF5005EA3D0 /* PhotosByPhotographerMapViewController.h */,
				5B72F51C179ABEF5005EA3D0 /* PhotosByPhotographerMapViewController.m */,
				5B72F51E179ABF5F005EA3D0 /* DemoPhotographerMapViewController.h */,
				5B72F51F179ABF5F005EA3D0 /* DemoPhotographerMapViewController.m */,
				5B65A61C16EBB7D600D9D358 /* Photomania.xcdatamodeld */,
				5B72F527179AC8FF005EA3D0 /* Photo.h */,
				5B72F528179AC8FF005EA3D0 /* Photo.m */,
				5B65A62B16EBB98A00D9D358 /* Photo+Flickr.h */,
				5B65A62C16EBB98A00D9D358 /* Photo+Flickr.m */,
				5B72F524179AC838005EA3D0 /* Photo+MKAnnotation.h */,
				5B72F525179AC838005EA3D0 /* Photo+MKAnnotation.m */,
				5B65A62516EBB93900D9D358 /* Photographer.h */,
				5B65A62616EBB93900D9D358 /* Photographer.m */,
				5B65A63C16EBBD9100D9D358 /* Photographer+Create.h */,
				5B65A63D16EBBD9100D9D358 /* Photographer+Create.m */,
				5B72F521179AC80C005EA3D0 /* Photographer+MKAnnotation.h */,
				5B72F522179AC80C005EA3D0 /* Photographer+MKAnnotation.m */,
				5B65A62E16EBBA1900D9D358 /* FlickrFetcher */,
				5B65A63316EBBB2800D9D358 /* CoreDataTableViewController.m */,
				5B65A63416EBBB2800D9D358 /* CoreDataTableViewController.h */,
				5B65A63916EBBB5100D9D358 /* ImageViewController.h */,
				5B65A63A16EBBB5100D9D358 /* ImageViewController.m */,
				5B65A63616EBBB3D00D9D358 /* AttributedStringViewController.h */,
				5B65A63716EBBB3D00D9D358 /* AttributedStringViewController.m */,
				5B65A5FF16EBB6EE00D9D358 /* Supporting Files */,
			);
			path = Photomania;
			sourceTree = "<group>";
		};
		5B65A5FF16EBB6EE00D9D358 /* Supporting Files */ = {
			isa = PBXGroup;
			children = (
				5B65A60716EBB6EE00D9D358 /* AppDelegate.h */,
				5B65A60816EBB6EE00D9D358 /* AppDelegate.m */,
				5B65A60016EBB6EE00D9D358 /* Photomania-Info.plist */,
				5B65A60116EBB6EE00D9D358 /* InfoPlist.strings */,
				5B65A60416EBB6EE00D9D358 /* main.m */,
				5B65A60616EBB6EE00D9D358 /* Photomania-Prefix.pch */,
				5B65A60A16EBB6EE00D9D358 /* Default.png */,
				5B65A60C16EBB6EE00D9D358 /* Default@2x.png */,
				5B65A60E16EBB6EE00D9D358 /* Default-568h@2x.png */,
			);
			name = "Supporting Files";
			sourceTree = "<group>";
		};
		5B65A62E16EBBA1900D9D358 /* FlickrFetcher */ = {
			isa = PBXGroup;
			children = (
				5B65A62F16EBBA1900D9D358 /* FlickrAPIKey.h */,
				5B65A63016EBBA1900D9D358 /* FlickrFetcher.h */,
				5B65A63116EBBA1900D9D358 /* FlickrFetcher.m */,
			);
			path = FlickrFetcher;
			sourceTree = "<group>";
		};
/* End PBXGroup section */

/* Begin PBXNativeTarget section */
		5B65A5F416EBB6EE00D9D358 /* Photomania */ = {
			isa = PBXNativeTarget;
			buildConfigurationList = 5B65A61816EBB6EE00D9D358 /* Build configuration list for PBXNativeTarget "Photomania" */;
			buildPhases = (
				5B65A5F116EBB6EE00D9D358 /* Sources */,
				5B65A5F216EBB6EE00D9D358 /* Frameworks */,
				5B65A5F316EBB6EE00D9D358 /* Resources */,
			);
			buildRules = (
			);
			dependencies = (
			);
			name = Photomania;
			productName = Photomania;
			productReference = 5B65A5F516EBB6EE00D9D358 /* Photomania.app */;
			productType = "com.apple.product-type.application";
		};
/* End PBXNativeTarget section */

/* Begin PBXProject section */
		5B65A5ED16EBB6EE00D9D358 /* Project object */ = {
			isa = PBXProject;
			attributes = {
				LastUpgradeCheck = 0460;
				ORGANIZATIONNAME = "m2m server software gmbh";
			};
			buildConfigurationList = 5B65A5F016EBB6EE00D9D358 /* Build configuration list for PBXProject "Photomania" */;
			compatibilityVersion = "Xcode 3.2";
			developmentRegion = English;
			hasScannedForEncodings = 0;
			knownRegions = (
				en,
			);
			mainGroup = 5B65A5EC16EBB6EE00D9D358;
			productRefGroup = 5B65A5F616EBB6EE00D9D358 /* Products */;
			projectDirPath = "";
			projectRoot = "";
			targets = (
				5B65A5F416EBB6EE00D9D358 /* Photomania */,
			);
		};
/* End PBXProject section */

/* Begin PBXResourcesBuildPhase section */
		5B65A5F316EBB6EE00D9D358 /* Resources */ = {
			isa = PBXResourcesBuildPhase;
			buildActionMask = 2147483647;
			files = (
				5B65A60316EBB6EE00D9D358 /* InfoPlist.strings in Resources */,
				5B65A60B16EBB6EE00D9D358 /* Default.png in Resources */,
				5B65A60D16EBB6EE00D9D358 /* Default@2x.png in Resources */,
				5B65A60F16EBB6EE00D9D358 /* Default-568h@2x.png in Resources */,
				5B65A61216EBB6EE00D9D358 /* iPhone.storyboard in Resources */,
				5B72F514179ABBFD005EA3D0 /* iPad.storyboard in Resources */,
			);
			runOnlyForDeploymentPostprocessing = 0;
		};
/* End PBXResourcesBuildPhase section */

/* Begin PBXSourcesBuildPhase section */
		5B65A5F116EBB6EE00D9D358 /* Sources */ = {
			isa = PBXSourcesBuildPhase;
			buildActionMask = 2147483647;
			files = (
				5B65A60516EBB6EE00D9D358 /* main.m in Sources */,
				5B65A60916EBB6EE00D9D358 /* AppDelegate.m in Sources */,
				5B65A61E16EBB7D600D9D358 /* Photomania.xcdatamodeld in Sources */,
				5B65A62716EBB93900D9D358 /* Photographer.m in Sources */,
				5B65A62D16EBB98A00D9D358 /* Photo+Flickr.m in Sources */,
				5B65A63216EBBA1900D9D358 /* FlickrFetcher.m in Sources */,
				5B65A63516EBBB2800D9D358 /* CoreDataTableViewController.m in Sources */,
				5B65A63816EBBB3D00D9D358 /* AttributedStringViewController.m in Sources */,
				5B65A63B16EBBB5100D9D358 /* ImageViewController.m in Sources */,
				5B65A63E16EBBD9100D9D358 /* Photographer+Create.m in Sources */,
				5B65A64116EBBF6300D9D358 /* PhotographerCDTVC.m in Sources */,
				5B65A64416EBC34F00D9D358 /* DemoPhotographerCDTVC.m in Sources */,
				5B5ED5DA16EBCBD3000E895F /* PhotosByPhotographerCDTVC.m in Sources */,
				5B72F517179ABD22005EA3D0 /* MapViewController.m in Sources */,
				5B72F51A179ABE8C005EA3D0 /* PhotographerMapViewController.m in Sources */,
				5B72F51D179ABEF5005EA3D0 /* PhotosByPhotographerMapViewController.m in Sources */,
				5B72F520179ABF5F005EA3D0 /* DemoPhotographerMapViewController.m in Sources */,
				5B72F523179AC80C005EA3D0 /* Photographer+MKAnnotation.m in Sources */,
				5B72F526179AC838005EA3D0 /* Photo+MKAnnotation.m in Sources */,
				5B72F529179AC8FF005EA3D0 /* Photo.m in Sources */,
			);
			runOnlyForDeploymentPostprocessing = 0;
		};
/* End PBXSourcesBuildPhase section */

/* Begin PBXVariantGroup section */
		5B65A60116EBB6EE00D9D358 /* InfoPlist.strings */ = {
			isa = PBXVariantGroup;
			children = (
				5B65A60216EBB6EE00D9D358 /* en */,
			);
			name = InfoPlist.strings;
			sourceTree = "<group>";
		};
		5B65A61016EBB6EE00D9D358 /* iPhone.storyboard */ = {
			isa = PBXVariantGroup;
			children = (
				5B65A61116EBB6EE00D9D358 /* en */,
			);
			name = iPhone.storyboard;
			sourceTree = "<group>";
		};
/* End PBXVariantGroup section */

/* Begin XCBuildConfiguration section */
		5B65A61616EBB6EE00D9D358 /* Debug */ = {
			isa = XCBuildConfiguration;
			buildSettings = {
				ALWAYS_SEARCH_USER_PATHS = NO;
				CLANG_CXX_LANGUAGE_STANDARD = "gnu++0x";
				CLANG_CXX_LIBRARY = "libc++";
				CLANG_ENABLE_OBJC_ARC = YES;
				CLANG_WARN_CONSTANT_CONVERSION = YES;
				CLANG_WARN_EMPTY_BODY = YES;
				CLANG_WARN_ENUM_CONVERSION = YES;
				CLANG_WARN_INT_CONVERSION = YES;
				CLANG_WARN__DUPLICATE_METHOD_MATCH = YES;
				"CODE_SIGN_IDENTITY[sdk=iphoneos*]" = "iPhone Developer";
				COPY_PHASE_STRIP = NO;
				GCC_C_LANGUAGE_STANDARD = gnu99;
				GCC_DYNAMIC_NO_PIC = NO;
				GCC_OPTIMIZATION_LEVEL = 0;
				GCC_PREPROCESSOR_DEFINITIONS = (
					"DEBUG=1",
					"$(inherited)",
				);
				GCC_SYMBOLS_PRIVATE_EXTERN = NO;
				GCC_WARN_ABOUT_RETURN_TYPE = YES;
				GCC_WARN_UNINITIALIZED_AUTOS = YES;
				GCC_WARN_UNUSED_VARIABLE = YES;
				IPHONEOS_DEPLOYMENT_TARGET = 6.1;
				ONLY_ACTIVE_ARCH = YES;
				SDKROOT = iphoneos;
			};
			name = Debug;
		};
		5B65A61716EBB6EE00D9D358 /* Release */ = {
			isa = XCBuildConfiguration;
			buildSettings = {
				ALWAYS_SEARCH_USER_PATHS = NO;
				CLANG_CXX_LANGUAGE_STANDARD = "gnu++0x";
				CLANG_CXX_LIBRARY = "libc++";
				CLANG_ENABLE_OBJC_ARC = YES;
				CLANG_WARN_CONSTANT_CONVERSION = YES;
				CLANG_WARN_EMPTY_BODY = YES;
				CLANG_WARN_ENUM_CONVERSION = YES;
				CLANG_WARN_INT_CONVERSION = YES;
				CLANG_WARN__DUPLICATE_METHOD_MATCH = YES;
				"CODE_SIGN_IDENTITY[sdk=iphoneos*]" = "iPhone Developer";
				COPY_PHASE_STRIP = YES;
				GCC_C_LANGUAGE_STANDARD = gnu99;
				GCC_WARN_ABOUT_RETURN_TYPE = YES;
				GCC_WARN_UNINITIALIZED_AUTOS = YES;
				GCC_WARN_UNUSED_VARIABLE = YES;
				IPHONEOS_DEPLOYMENT_TARGET = 6.1;
				OTHER_CFLAGS = "-DNS_BLOCK_ASSERTIONS=1";
				SDKROOT = iphoneos;
				VALIDATE_PRODUCT = YES;
			};
			name = Release;
		};
		5B65A61916EBB6EE00D9D358 /* Debug */ = {
			isa = XCBuildConfiguration;
			buildSettings = {
				GCC_PRECOMPILE_PREFIX_HEADER = YES;
				GCC_PREFIX_HEADER = "Photomania/Photomania-Prefix.pch";
				INFOPLIST_FILE = "Photomania/Photomania-Info.plist";
				IPHONEOS_DEPLOYMENT_TARGET = 6.1;
				PRODUCT_NAME = "$(TARGET_NAME)";
				TARGETED_DEVICE_FAMILY = "1,2";
				WRAPPER_EXTENSION = app;
			};
			name = Debug;
		};
		5B65A61A16EBB6EE00D9D358 /* Release */ = {
			isa = XCBuildConfiguration;
			buildSettings = {
				GCC_PRECOMPILE_PREFIX_HEADER = YES;
				GCC_PREFIX_HEADER = "Photomania/Photomania-Prefix.pch";
				INFOPLIST_FILE = "Photomania/Photomania-Info.plist";
				IPHONEOS_DEPLOYMENT_TARGET = 6.1;
				PRODUCT_NAME = "$(TARGET_NAME)";
				TARGETED_DEVICE_FAMILY = "1,2";
				WRAPPER_EXTENSION = app;
			};
			name = Release;
		};
/* End XCBuildConfiguration section */

/* Begin XCConfigurationList section */
		5B65A5F016EBB6EE00D9D358 /* Build configuration list for PBXProject "Photomania" */ = {
			isa = XCConfigurationList;
			buildConfigurations = (
				5B65A61616EBB6EE00D9D358 /* Debug */,
				5B65A61716EBB6EE00D9D358 /* Release */,
			);
			defaultConfigurationIsVisible = 0;
			defaultConfigurationName = Release;
		};
		5B65A61816EBB6EE00D9D358 /* Build configuration list for PBXNativeTarget "Photomania" */ = {
			isa = XCConfigurationList;
			buildConfigurations = (
				5B65A61916EBB6EE00D9D358 /* Debug */,
				5B65A61A16EBB6EE00D9D358 /* Release */,
			);
			defaultConfigurationIsVisible = 0;
			defaultConfigurationName = Release;
		};
/* End XCConfigurationList section */

/* Begin XCVersionGroup section */
		5B65A61C16EBB7D600D9D358 /* Photomania.xcdatamodeld */ = {
			isa = XCVersionGroup;
			children = (
				5B65A61D16EBB7D600D9D358 /* Photomania.xcdatamodel */,
			);
			currentVersion = 5B65A61D16EBB7D600D9D358 /* Photomania.xcdatamodel */;
			path = Photomania.xcdatamodeld;
			sourceTree = "<group>";
			versionGroupType = wrapper.xcdatamodel;
		};
/* End XCVersionGroup section */
	};
	rootObject = 5B65A5ED16EBB6EE00D9D358 /* Project object */;
}
